
Microsoft Visual Studio Solution File, Format Version 12.00
# Visual Studio Version 17
VisualStudioVersion = 17.14.36511.14
MinimumVisualStudioVersion = 10.0.40219.1
Project("{2150E333-8FDC-42A3-9474-1A3956D46DE8}") = "Task0", "Task0", "{36D591C7-65C7-A0D1-1CBC-10CDE441BDC8}"
EndProject
Project("{FAE04EC0-301F-11D3-BF4B-00C04F79EFBC}") = "Tyuiu.VikolAS.Sprint4.Task0.V4", "Tyuiu.VikolAS.Sprint4.Task0.V4\Tyuiu.VikolAS.Sprint4.Task0.V4.csproj", "{1539471F-4315-4F93-8FCC-290DE0134774}"
EndProject
Project("{FAE04EC0-301F-11D3-BF4B-00C04F79EFBC}") = "Tyuiu.VikolAS.Sprint4.Task0.V4.Lib", "Tyuiu.VikolAS.Sprint4.Task0.V4.Lib\Tyuiu.VikolAS.Sprint4.Task0.V4.Lib.csproj", "{3E24B76F-4177-4002-AC71-F40803BCE664}"
EndProject
Project("{FAE04EC0-301F-11D3-BF4B-00C04F79EFBC}") = "Tyuiu.VikolAS.Sprint4.Task0.V4.Test", "Tyuiu.VikolAS.Sprint4.Task0.V4.Test\Tyuiu.VikolAS.Sprint4.Task0.V4.Test.csproj", "{0AC2D1D7-868F-4C3E-B8D9-3B34670E5EEA}"
EndProject
Project("{2150E333-8FDC-42A3-9474-1A3956D46DE8}") = "Task1", "Task1", "{78D1A33E-9C72-4102-A80B-B8B80399F1F1}"
EndProject
Project("{FAE04EC0-301F-11D3-BF4B-00C04F79EFBC}") = "Tyuiu.VikolAS.Sprint4.Task1.V16", "Tyuiu.VikolAS.Sprint4.Task1.V16\Tyuiu.VikolAS.Sprint4.Task1.V16.csproj", "{735D43F5-6D92-4975-83AA-49ED6201E799}"
EndProject
Project("{FAE04EC0-301F-11D3-BF4B-00C04F79EFBC}") = "Tyuiu.VikolAS.Sprint4.Task1.V16.Test", "Tyuiu.VikolAS.Sprint4.Task1.V16.Test\Tyuiu.VikolAS.Sprint4.Task1.V16.Test.csproj", "{98BA1216-54AB-4E12-BF02-9BF112EE3F89}"
EndProject
Project("{FAE04EC0-301F-11D3-BF4B-00C04F79EFBC}") = "Tyuiu.VikolAS.Sprint4.Task1.V16.Lib", "Tyuiu.VikolAS.Sprint4.Task1.V16.Lib\Tyuiu.VikolAS.Sprint4.Task1.V16.Lib.csproj", "{B9BA012F-0377-4375-A30C-68D3CEA1797D}"
EndProject
Project("{2150E333-8FDC-42A3-9474-1A3956D46DE8}") = "Task2", "Task2", "{0F831FB7-4E90-426F-878C-5B0069E90557}"
EndProject
Project("{FAE04EC0-301F-11D3-BF4B-00C04F79EFBC}") = "Tyuiu.VikolAS.Sprint4.Task2.V25", "Tyuiu.VikolAS.Sprint4.Task2.V25\Tyuiu.VikolAS.Sprint4.Task2.V25.csproj", "{84F1CCB6-804B-481C-841C-51607F0E8127}"
EndProject
Project("{FAE04EC0-301F-11D3-BF4B-00C04F79EFBC}") = "Tyuiu.VikolAS.Sprint4.Task2.V25.Lib", "Tyuiu.VikolAS.Sprint4.Task2.V25.Lib\Tyuiu.VikolAS.Sprint4.Task2.V25.Lib.csproj", "{84A92495-4F3E-4474-A007-04585B880AB5}"
EndProject
Project("{FAE04EC0-301F-11D3-BF4B-00C04F79EFBC}") = "Tyuiu.VikolAS.Sprint4.Task2.V25.Test", "Tyuiu.VikolAS.Sprint4.Task2.V25.Test\Tyuiu.VikolAS.Sprint4.Task2.V25.Test.csproj", "{84107705-8F01-4F69-B26A-719575EFA02A}"
EndProject
Project("{2150E333-8FDC-42A3-9474-1A3956D46DE8}") = "Task3", "Task3", "{BAAEB017-D121-47A3-98FB-12B494F63BB7}"
EndProject
Project("{FAE04EC0-301F-11D3-BF4B-00C04F79EFBC}") = "Tyuiu.VikolAS.Sprint4.Task3.V8", "Tyuiu.VikolAS.Sprint4.Task3.V8\Tyuiu.VikolAS.Sprint4.Task3.V8.csproj", "{9EECD516-AEC2-4DFB-A115-6A109C12A8FA}"
EndProject
Project("{FAE04EC0-301F-11D3-BF4B-00C04F79EFBC}") = "Tyuiu.VikolAS.Sprint4.Task3.V8.Test", "Tyuiu.VikolAS.Sprint4.Task3.V8.Test\Tyuiu.VikolAS.Sprint4.Task3.V8.Test.csproj", "{26A8FC05-872C-42E5-A030-E461255E8B9E}"
EndProject
Project("{FAE04EC0-301F-11D3-BF4B-00C04F79EFBC}") = "Tyuiu.VikolAS.Sprint4.Task3.V8.Lib", "Tyuiu.VikolAS.Sprint4.Task3.V8.Lib\Tyuiu.VikolAS.Sprint4.Task3.V8.Lib.csproj", "{7EA2F8CC-5069-45BE-BA5F-4D0FC46EB185}"
EndProject
Project("{2150E333-8FDC-42A3-9474-1A3956D46DE8}") = "Task4", "Task4", "{E14ED008-F475-4B2A-8F7B-6D847DC0CFFF}"
EndProject
Project("{FAE04EC0-301F-11D3-BF4B-00C04F79EFBC}") = "Tyuiu.VikolAS.Sprint4.Task4.V26", "Tyuiu.VikolAS.Sprint4.Task4.V26\Tyuiu.VikolAS.Sprint4.Task4.V26.csproj", "{561A439F-1F16-4CBB-9759-A8CC3E6BA2F9}"
EndProject
Project("{FAE04EC0-301F-11D3-BF4B-00C04F79EFBC}") = "Tyuiu.VikolAS.Sprint4.Task4.V26.Lib", "Tyuiu.VikolAS.Sprint4.Task4.V26.Lib\Tyuiu.VikolAS.Sprint4.Task4.V26.Lib.csproj", "{A9760777-4D60-46E0-8967-20BC4996FDAE}"
EndProject
Project("{FAE04EC0-301F-11D3-BF4B-00C04F79EFBC}") = "Tyuiu.VikolAS.Sprint4.Task4.V26.Test", "Tyuiu.VikolAS.Sprint4.Task4.V26.Test\Tyuiu.VikolAS.Sprint4.Task4.V26.Test.csproj", "{207DD312-327B-488C-8477-D1B5046F0E84}"
EndProject
Global
	GlobalSection(SolutionConfigurationPlatforms) = preSolution
		Debug|Any CPU = Debug|Any CPU
		Release|Any CPU = Release|Any CPU
	EndGlobalSection
	GlobalSection(ProjectConfigurationPlatforms) = postSolution
		{1539471F-4315-4F93-8FCC-290DE0134774}.Debug|Any CPU.ActiveCfg = Debug|Any CPU
		{1539471F-4315-4F93-8FCC-290DE0134774}.Debug|Any CPU.Build.0 = Debug|Any CPU
		{1539471F-4315-4F93-8FCC-290DE0134774}.Release|Any CPU.ActiveCfg = Release|Any CPU
		{1539471F-4315-4F93-8FCC-290DE0134774}.Release|Any CPU.Build.0 = Release|Any CPU
		{3E24B76F-4177-4002-AC71-F40803BCE664}.Debug|Any CPU.ActiveCfg = Debug|Any CPU
		{3E24B76F-4177-4002-AC71-F40803BCE664}.Debug|Any CPU.Build.0 = Debug|Any CPU
		{3E24B76F-4177-4002-AC71-F40803BCE664}.Release|Any CPU.ActiveCfg = Release|Any CPU
		{3E24B76F-4177-4002-AC71-F40803BCE664}.Release|Any CPU.Build.0 = Release|Any CPU
		{0AC2D1D7-868F-4C3E-B8D9-3B34670E5EEA}.Debug|Any CPU.ActiveCfg = Debug|Any CPU
		{0AC2D1D7-868F-4C3E-B8D9-3B34670E5EEA}.Debug|Any CPU.Build.0 = Debug|Any CPU
		{0AC2D1D7-868F-4C3E-B8D9-3B34670E5EEA}.Release|Any CPU.ActiveCfg = Release|Any CPU
		{0AC2D1D7-868F-4C3E-B8D9-3B34670E5EEA}.Release|Any CPU.Build.0 = Release|Any CPU
		{735D43F5-6D92-4975-83AA-49ED6201E799}.Debug|Any CPU.ActiveCfg = Debug|Any CPU
		{735D43F5-6D92-4975-83AA-49ED6201E799}.Debug|Any CPU.Build.0 = Debug|Any CPU
		{735D43F5-6D92-4975-83AA-49ED6201E799}.Release|Any CPU.ActiveCfg = Release|Any CPU
		{735D43F5-6D92-4975-83AA-49ED6201E799}.Release|Any CPU.Build.0 = Release|Any CPU
		{98BA1216-54AB-4E12-BF02-9BF112EE3F89}.Debug|Any CPU.ActiveCfg = Debug|Any CPU
		{98BA1216-54AB-4E12-BF02-9BF112EE3F89}.Debug|Any CPU.Build.0 = Debug|Any CPU
		{98BA1216-54AB-4E12-BF02-9BF112EE3F89}.Release|Any CPU.ActiveCfg = Release|Any CPU
		{98BA1216-54AB-4E12-BF02-9BF112EE3F89}.Release|Any CPU.Build.0 = Release|Any CPU
		{B9BA012F-0377-4375-A30C-68D3CEA1797D}.Debug|Any CPU.ActiveCfg = Debug|Any CPU
		{B9BA012F-0377-4375-A30C-68D3CEA1797D}.Debug|Any CPU.Build.0 = Debug|Any CPU
		{B9BA012F-0377-4375-A30C-68D3CEA1797D}.Release|Any CPU.ActiveCfg = Release|Any CPU
		{B9BA012F-0377-4375-A30C-68D3CEA1797D}.Release|Any CPU.Build.0 = Release|Any CPU
		{84F1CCB6-804B-481C-841C-51607F0E8127}.Debug|Any CPU.ActiveCfg = Debug|Any CPU
		{84F1CCB6-804B-481C-841C-51607F0E8127}.Debug|Any CPU.Build.0 = Debug|Any CPU
		{84F1CCB6-804B-481C-841C-51607F0E8127}.Release|Any CPU.ActiveCfg = Release|Any CPU
		{84F1CCB6-804B-481C-841C-51607F0E8127}.Release|Any CPU.Build.0 = Release|Any CPU
		{84A92495-4F3E-4474-A007-04585B880AB5}.Debug|Any CPU.ActiveCfg = Debug|Any CPU
		{84A92495-4F3E-4474-A007-04585B880AB5}.Debug|Any CPU.Build.0 = Debug|Any CPU
		{84A92495-4F3E-4474-A007-04585B880AB5}.Release|Any CPU.ActiveCfg = Release|Any CPU
		{84A92495-4F3E-4474-A007-04585B880AB5}.Release|Any CPU.Build.0 = Release|Any CPU
		{84107705-8F01-4F69-B26A-719575EFA02A}.Debug|Any CPU.ActiveCfg = Debug|Any CPU
		{84107705-8F01-4F69-B26A-719575EFA02A}.Debug|Any CPU.Build.0 = Debug|Any CPU
		{84107705-8F01-4F69-B26A-719575EFA02A}.Release|Any CPU.ActiveCfg = Release|Any CPU
		{84107705-8F01-4F69-B26A-719575EFA02A}.Release|Any CPU.Build.0 = Release|Any CPU
		{9EECD516-AEC2-4DFB-A115-6A109C12A8FA}.Debug|Any CPU.ActiveCfg = Debug|Any CPU
		{9EECD516-AEC2-4DFB-A115-6A109C12A8FA}.Debug|Any CPU.Build.0 = Debug|Any CPU
		{9EECD516-AEC2-4DFB-A115-6A109C12A8FA}.Release|Any CPU.ActiveCfg = Release|Any CPU
		{9EECD516-AEC2-4DFB-A115-6A109C12A8FA}.Release|Any CPU.Build.0 = Release|Any CPU
		{26A8FC05-872C-42E5-A030-E461255E8B9E}.Debug|Any CPU.ActiveCfg = Debug|Any CPU
		{26A8FC05-872C-42E5-A030-E461255E8B9E}.Debug|Any CPU.Build.0 = Debug|Any CPU
		{26A8FC05-872C-42E5-A030-E461255E8B9E}.Release|Any CPU.ActiveCfg = Release|Any CPU
		{26A8FC05-872C-42E5-A030-E461255E8B9E}.Release|Any CPU.Build.0 = Release|Any CPU
		{7EA2F8CC-5069-45BE-BA5F-4D0FC46EB185}.Debug|Any CPU.ActiveCfg = Debug|Any CPU
		{7EA2F8CC-5069-45BE-BA5F-4D0FC46EB185}.Debug|Any CPU.Build.0 = Debug|Any CPU
		{7EA2F8CC-5069-45BE-BA5F-4D0FC46EB185}.Release|Any CPU.ActiveCfg = Release|Any CPU
		{7EA2F8CC-5069-45BE-BA5F-4D0FC46EB185}.Release|Any CPU.Build.0 = Release|Any CPU
		{561A439F-1F16-4CBB-9759-A8CC3E6BA2F9}.Debug|Any CPU.ActiveCfg = Debug|Any CPU
		{561A439F-1F16-4CBB-9759-A8CC3E6BA2F9}.Debug|Any CPU.Build.0 = Debug|Any CPU
		{561A439F-1F16-4CBB-9759-A8CC3E6BA2F9}.Release|Any CPU.ActiveCfg = Release|Any CPU
		{561A439F-1F16-4CBB-9759-A8CC3E6BA2F9}.Release|Any CPU.Build.0 = Release|Any CPU
		{A9760777-4D60-46E0-8967-20BC4996FDAE}.Debug|Any CPU.ActiveCfg = Debug|Any CPU
		{A9760777-4D60-46E0-8967-20BC4996FDAE}.Debug|Any CPU.Build.0 = Debug|Any CPU
		{A9760777-4D60-46E0-8967-20BC4996FDAE}.Release|Any CPU.ActiveCfg = Release|Any CPU
		{A9760777-4D60-46E0-8967-20BC4996FDAE}.Release|Any CPU.Build.0 = Release|Any CPU
		{207DD312-327B-488C-8477-D1B5046F0E84}.Debug|Any CPU.ActiveCfg = Debug|Any CPU
		{207DD312-327B-488C-8477-D1B5046F0E84}.Debug|Any CPU.Build.0 = Debug|Any CPU
		{207DD312-327B-488C-8477-D1B5046F0E84}.Release|Any CPU.ActiveCfg = Release|Any CPU
		{207DD312-327B-488C-8477-D1B5046F0E84}.Release|Any CPU.Build.0 = Release|Any CPU
	EndGlobalSection
	GlobalSection(SolutionProperties) = preSolution
		HideSolutionNode = FALSE
	EndGlobalSection
	GlobalSection(NestedProjects) = preSolution
		{1539471F-4315-4F93-8FCC-290DE0134774} = {36D591C7-65C7-A0D1-1CBC-10CDE441BDC8}
		{3E24B76F-4177-4002-AC71-F40803BCE664} = {36D591C7-65C7-A0D1-1CBC-10CDE441BDC8}
		{0AC2D1D7-868F-4C3E-B8D9-3B34670E5EEA} = {36D591C7-65C7-A0D1-1CBC-10CDE441BDC8}
		{735D43F5-6D92-4975-83AA-49ED6201E799} = {78D1A33E-9C72-4102-A80B-B8B80399F1F1}
		{98BA1216-54AB-4E12-BF02-9BF112EE3F89} = {78D1A33E-9C72-4102-A80B-B8B80399F1F1}
		{B9BA012F-0377-4375-A30C-68D3CEA1797D} = {78D1A33E-9C72-4102-A80B-B8B80399F1F1}
		{84F1CCB6-804B-481C-841C-51607F0E8127} = {0F831FB7-4E90-426F-878C-5B0069E90557}
		{84A92495-4F3E-4474-A007-04585B880AB5} = {0F831FB7-4E90-426F-878C-5B0069E90557}
		{84107705-8F01-4F69-B26A-719575EFA02A} = {0F831FB7-4E90-426F-878C-5B0069E90557}
		{9EECD516-AEC2-4DFB-A115-6A109C12A8FA} = {BAAEB017-D121-47A3-98FB-12B494F63BB7}
		{26A8FC05-872C-42E5-A030-E461255E8B9E} = {BAAEB017-D121-47A3-98FB-12B494F63BB7}
		{7EA2F8CC-5069-45BE-BA5F-4D0FC46EB185} = {BAAEB017-D121-47A3-98FB-12B494F63BB7}
		{561A439F-1F16-4CBB-9759-A8CC3E6BA2F9} = {E14ED008-F475-4B2A-8F7B-6D847DC0CFFF}
		{A9760777-4D60-46E0-8967-20BC4996FDAE} = {E14ED008-F475-4B2A-8F7B-6D847DC0CFFF}
		{207DD312-327B-488C-8477-D1B5046F0E84} = {E14ED008-F475-4B2A-8F7B-6D847DC0CFFF}
	EndGlobalSection
	GlobalSection(ExtensibilityGlobals) = postSolution
		SolutionGuid = {E3CCF712-AAF4-489F-AD01-F8698AE9DB65}
	EndGlobalSection
EndGlobal
