
Microsoft Visual Studio Solution File, Format Version 12.00
# Visual Studio Version 17
VisualStudioVersion = 17.14.36511.14
MinimumVisualStudioVersion = 10.0.40219.1
Project("{2150E333-8FDC-42A3-9474-1A3956D46DE8}") = "Task0", "Task0", "{36D591C7-65C7-A0D1-1CBC-10CDE441BDC8}"
EndProject
Project("{FAE04EC0-301F-11D3-BF4B-00C04F79EFBC}") = "Tyuiu.VikolAS.Sprint4.Task0.V4", "Tyuiu.VikolAS.Sprint4.Task0.V4\Tyuiu.VikolAS.Sprint4.Task0.V4.csproj", "{1539471F-4315-4F93-8FCC-290DE0134774}"
EndProject
Project("{FAE04EC0-301F-11D3-BF4B-00C04F79EFBC}") = "Tyuiu.VikolAS.Sprint4.Task0.V4.Lib", "Tyuiu.VikolAS.Sprint4.Task0.V4.Lib\Tyuiu.VikolAS.Sprint4.Task0.V4.Lib.csproj", "{3E24B76F-4177-4002-AC71-F40803BCE664}"
EndProject
Project("{FAE04EC0-301F-11D3-BF4B-00C04F79EFBC}") = "Tyuiu.VikolAS.Sprint4.Task0.V4.Test", "Tyuiu.VikolAS.Sprint4.Task0.V4.Test\Tyuiu.VikolAS.Sprint4.Task0.V4.Test.csproj", "{0AC2D1D7-868F-4C3E-B8D9-3B34670E5EEA}"
EndProject
Project("{2150E333-8FDC-42A3-9474-1A3956D46DE8}") = "Task1", "Task1", "{78D1A33E-9C72-4102-A80B-B8B80399F1F1}"
EndProject
Project("{FAE04EC0-301F-11D3-BF4B-00C04F79EFBC}") = "Tyuiu.VikolAS.Sprint4.Task1.V16", "Tyuiu.VikolAS.Sprint4.Task1.V16\Tyuiu.VikolAS.Sprint4.Task1.V16.csproj", "{735D43F5-6D92-4975-83AA-49ED6201E799}"
EndProject
Project("{FAE04EC0-301F-11D3-BF4B-00C04F79EFBC}") = "Tyuiu.VikolAS.Sprint4.Task1.V16.Test", "Tyuiu.VikolAS.Sprint4.Task1.V16.Test\Tyuiu.VikolAS.Sprint4.Task1.V16.Test.csproj", "{98BA1216-54AB-4E12-BF02-9BF112EE3F89}"
EndProject
Project("{FAE04EC0-301F-11D3-BF4B-00C04F79EFBC}") = "Tyuiu.VikolAS.Sprint4.Task1.V16.Lib", "Tyuiu.VikolAS.Sprint4.Task1.V16.Lib\Tyuiu.VikolAS.Sprint4.Task1.V16.Lib.csproj", "{B9BA012F-0377-4375-A30C-68D3CEA1797D}"
EndProject
Project("{2150E333-8FDC-42A3-9474-1A3956D46DE8}") = "Task2", "Task2", "{0F831FB7-4E90-426F-878C-5B0069E90557}"
EndProject
Project("{FAE04EC0-301F-11D3-BF4B-00C04F79EFBC}") = "Tyuiu.VikolAS.Sprint4.Task2.V25", "Tyuiu.VikolAS.Sprint4.Task2.V25\Tyuiu.VikolAS.Sprint4.Task2.V25.csproj", "{84F1CCB6-804B-481C-841C-51607F0E8127}"
EndProject
Project("{FAE04EC0-301F-11D3-BF4B-00C04F79EFBC}") = "Tyuiu.VikolAS.Sprint4.Task2.V25.Lib", "Tyuiu.VikolAS.Sprint4.Task2.V25.Lib\Tyuiu.VikolAS.Sprint4.Task2.V25.Lib.csproj", "{84A92495-4F3E-4474-A007-04585B880AB5}"
EndProject
Project("{FAE04EC0-301F-11D3-BF4B-00C04F79EFBC}") = "Tyuiu.VikolAS.Sprint4.Task2.V25.Test", "Tyuiu.VikolAS.Sprint4.Task2.V25.Test\Tyuiu.VikolAS.Sprint4.Task2.V25.Test.csproj", "{84107705-8F01-4F69-B26A-719575EFA02A}"
EndProject
Project("{2150E333-8FDC-42A3-9474-1A3956D46DE8}") = "Task3", "Task3", "{BAAEB017-D121-47A3-98FB-12B494F63BB7}"
EndProject
Project("{FAE04EC0-301F-11D3-BF4B-00C04F79EFBC}") = "Tyuiu.VikolAS.Sprint4.Task3.V8", "Tyuiu.VikolAS.Sprint4.Task3.V8\Tyuiu.VikolAS.Sprint4.Task3.V8.csproj", "{9EECD516-AEC2-4DFB-A115-6A109C12A8FA}"
EndProject
Project("{FAE04EC0-301F-11D3-BF4B-00C04F79EFBC}") = "Tyuiu.VikolAS.Sprint4.Task3.V8.Test", "Tyuiu.VikolAS.Sprint4.Task3.V8.Test\Tyuiu.VikolAS.Sprint4.Task3.V8.Test.csproj", "{26A8FC05-872C-42E5-A030-E461255E8B9E}"
EndProject
Project("{FAE04EC0-301F-11D3-BF4B-00C04F79EFBC}") = "Tyuiu.VikolAS.Sprint4.Task3.V8.Lib", "Tyuiu.VikolAS.Sprint4.Task3.V8.Lib\Tyuiu.VikolAS.Sprint4.Task3.V8.Lib.csproj", "{7EA2F8CC-5069-45BE-BA5F-4D0FC46EB185}"
EndProject
Project("{2150E333-8FDC-42A3-9474-1A3956D46DE8}") = "Task4", "Task4", "{E14ED008-F475-4B2A-8F7B-6D847DC0CFFF}"
EndProject
Project("{FAE04EC0-301F-11D3-BF4B-00C04F79EFBC}") = "Tyuiu.VikolAS.Sprint4.Task4.V26", "Tyuiu.VikolAS.Sprint4.Task4.V26\Tyuiu.VikolAS.Sprint4.Task4.V26.csproj", "{561A439F-1F16-4CBB-9759-A8CC3E6BA2F9}"
EndProject
Project("{FAE04EC0-301F-11D3-BF4B-00C04F79EFBC}") = "Tyuiu.VikolAS.Sprint4.Task4.V26.Lib", "Tyuiu.VikolAS.Sprint4.Task4.V26.Lib\Tyuiu.VikolAS.Sprint4.Task4.V26.Lib.csproj", "{A9760777-4D60-46E0-8967-20BC4996FDAE}"
EndProject
Project("{FAE04EC0-301F-11D3-BF4B-00C04F79EFBC}") = "Tyuiu.VikolAS.Sprint4.Task4.V26.Test", "Tyuiu.VikolAS.Sprint4.Task4.V26.Test\Tyuiu.VikolAS.Sprint4.Task4.V26.Test.csproj", "{207DD312-327B-488C-8477-D1B5046F0E84}"
EndProject
Project("{2150E333-8FDC-42A3-9474-1A3956D46DE8}") = "Task5", "Task5", "{A3DCD79E-F091-4410-8E1C-A08044786DD8}"
EndProject
Project("{FAE04EC0-301F-11D3-BF4B-00C04F79EFBC}") = "Tyuiu.VikolAS.Sprint4.Task5.V9", "Tyuiu.VikolAS.Sprint4.Task5.V9\Tyuiu.VikolAS.Sprint4.Task5.V9.csproj", "{8BCC0131-BA18-401F-A2E1-A35F7D3EF38B}"
EndProject
Project("{FAE04EC0-301F-11D3-BF4B-00C04F79EFBC}") = "Tyuiu.VikolAS.Sprint4.Task5.V9.Test", "Tyuiu.VikolAS.Sprint4.Task5.V9.Test\Tyuiu.VikolAS.Sprint4.Task5.V9.Test.csproj", "{5FAD8631-485E-48A8-8D04-CBFB3B9C7BE0}"
EndProject
Project("{FAE04EC0-301F-11D3-BF4B-00C04F79EFBC}") = "Tyuiu.VikolAS.Sprint4.Task5.V9.Lib", "Tyuiu.VikolAS.Sprint4.Task5.V9.Lib\Tyuiu.VikolAS.Sprint4.Task5.V9.Lib.csproj", "{89614C77-9D19-4814-A32B-0FBA43870B1A}"
EndProject
Project("{2150E333-8FDC-42A3-9474-1A3956D46DE8}") = "Task6", "Task6", "{213AFEE5-6F51-4492-A40C-34F589EA6B88}"
EndProject
Project("{FAE04EC0-301F-11D3-BF4B-00C04F79EFBC}") = "Tyuiu.VikolAS.Sprint4.Task6.V30", "Tyuiu.VikolAS.Sprint4.Task6.V30\Tyuiu.VikolAS.Sprint4.Task6.V30.csproj", "{6629C80F-591B-471A-A108-440491CF3DDE}"
EndProject
Project("{FAE04EC0-301F-11D3-BF4B-00C04F79EFBC}") = "Tyuiu.VikolAS.Sprint4.Task6.V30.Lib", "Tyuiu.VikolAS.Sprint4.Task6.V30.Lib\Tyuiu.VikolAS.Sprint4.Task6.V30.Lib.csproj", "{E1317643-AC76-47FC-93EB-3A6688A233B8}"
EndProject
Project("{FAE04EC0-301F-11D3-BF4B-00C04F79EFBC}") = "Tyuiu.VikolAS.Sprint4.Task6.V30.Test", "Tyuiu.VikolAS.Sprint4.Task6.V30.Test\Tyuiu.VikolAS.Sprint4.Task6.V30.Test.csproj", "{ED444C47-04D4-4B7F-8E3F-2F7058C473A8}"
EndProject
Project("{2150E333-8FDC-42A3-9474-1A3956D46DE8}") = "Task7", "Task7", "{FAD60ECB-5909-457E-B880-E5EBB22B34FF}"
EndProject
Project("{FAE04EC0-301F-11D3-BF4B-00C04F79EFBC}") = "Tyuiu.VikolAS.Sprint4.Task7.V29", "Tyuiu.VikolAS.Sprint4.Task7.V29\Tyuiu.VikolAS.Sprint4.Task7.V29.csproj", "{BD4CADC9-3BB2-4273-ACC3-DB0CD795A5B3}"
EndProject
Project("{FAE04EC0-301F-11D3-BF4B-00C04F79EFBC}") = "Tyuiu.VikolAS.Sprint4.Task7.V29.Lib", "Tyuiu.VikolAS.Sprint4.Task7.V29.Lib\Tyuiu.VikolAS.Sprint4.Task7.V29.Lib.csproj", "{F4C5F764-6CF5-4956-9617-FA07BDF850DF}"
EndProject
Project("{FAE04EC0-301F-11D3-BF4B-00C04F79EFBC}") = "Tyuiu.VikolAS.Sprint4.Task7.V29.Test", "Tyuiu.VikolAS.Sprint4.Task7.V29.Test\Tyuiu.VikolAS.Sprint4.Task7.V29.Test.csproj", "{AB6CCBC4-8CC6-4D1F-AB14-2F8257D241CA}"
EndProject
Global
	GlobalSection(SolutionConfigurationPlatforms) = preSolution
		Debug|Any CPU = Debug|Any CPU
		Release|Any CPU = Release|Any CPU
	EndGlobalSection
	GlobalSection(ProjectConfigurationPlatforms) = postSolution
		{1539471F-4315-4F93-8FCC-290DE0134774}.Debug|Any CPU.ActiveCfg = Debug|Any CPU
		{1539471F-4315-4F93-8FCC-290DE0134774}.Debug|Any CPU.Build.0 = Debug|Any CPU
		{1539471F-4315-4F93-8FCC-290DE0134774}.Release|Any CPU.ActiveCfg = Release|Any CPU
		{1539471F-4315-4F93-8FCC-290DE0134774}.Release|Any CPU.Build.0 = Release|Any CPU
		{3E24B76F-4177-4002-AC71-F40803BCE664}.Debug|Any CPU.ActiveCfg = Debug|Any CPU
		{3E24B76F-4177-4002-AC71-F40803BCE664}.Debug|Any CPU.Build.0 = Debug|Any CPU
		{3E24B76F-4177-4002-AC71-F40803BCE664}.Release|Any CPU.ActiveCfg = Release|Any CPU
		{3E24B76F-4177-4002-AC71-F40803BCE664}.Release|Any CPU.Build.0 = Release|Any CPU
		{0AC2D1D7-868F-4C3E-B8D9-3B34670E5EEA}.Debug|Any CPU.ActiveCfg = Debug|Any CPU
		{0AC2D1D7-868F-4C3E-B8D9-3B34670E5EEA}.Debug|Any CPU.Build.0 = Debug|Any CPU
		{0AC2D1D7-868F-4C3E-B8D9-3B34670E5EEA}.Release|Any CPU.ActiveCfg = Release|Any CPU
		{0AC2D1D7-868F-4C3E-B8D9-3B34670E5EEA}.Release|Any CPU.Build.0 = Release|Any CPU
		{735D43F5-6D92-4975-83AA-49ED6201E799}.Debug|Any CPU.ActiveCfg = Debug|Any CPU
		{735D43F5-6D92-4975-83AA-49ED6201E799}.Debug|Any CPU.Build.0 = Debug|Any CPU
		{735D43F5-6D92-4975-83AA-49ED6201E799}.Release|Any CPU.ActiveCfg = Release|Any CPU
		{735D43F5-6D92-4975-83AA-49ED6201E799}.Release|Any CPU.Build.0 = Release|Any CPU
		{98BA1216-54AB-4E12-BF02-9BF112EE3F89}.Debug|Any CPU.ActiveCfg = Debug|Any CPU
		{98BA1216-54AB-4E12-BF02-9BF112EE3F89}.Debug|Any CPU.Build.0 = Debug|Any CPU
		{98BA1216-54AB-4E12-BF02-9BF112EE3F89}.Release|Any CPU.ActiveCfg = Release|Any CPU
		{98BA1216-54AB-4E12-BF02-9BF112EE3F89}.Release|Any CPU.Build.0 = Release|Any CPU
		{B9BA012F-0377-4375-A30C-68D3CEA1797D}.Debug|Any CPU.ActiveCfg = Debug|Any CPU
		{B9BA012F-0377-4375-A30C-68D3CEA1797D}.Debug|Any CPU.Build.0 = Debug|Any CPU
		{B9BA012F-0377-4375-A30C-68D3CEA1797D}.Release|Any CPU.ActiveCfg = Release|Any CPU
		{B9BA012F-0377-4375-A30C-68D3CEA1797D}.Release|Any CPU.Build.0 = Release|Any CPU
		{84F1CCB6-804B-481C-841C-51607F0E8127}.Debug|Any CPU.ActiveCfg = Debug|Any CPU
		{84F1CCB6-804B-481C-841C-51607F0E8127}.Debug|Any CPU.Build.0 = Debug|Any CPU
		{84F1CCB6-804B-481C-841C-51607F0E8127}.Release|Any CPU.ActiveCfg = Release|Any CPU
		{84F1CCB6-804B-481C-841C-51607F0E8127}.Release|Any CPU.Build.0 = Release|Any CPU
		{84A92495-4F3E-4474-A007-04585B880AB5}.Debug|Any CPU.ActiveCfg = Debug|Any CPU
		{84A92495-4F3E-4474-A007-04585B880AB5}.Debug|Any CPU.Build.0 = Debug|Any CPU
		{84A92495-4F3E-4474-A007-04585B880AB5}.Release|Any CPU.ActiveCfg = Release|Any CPU
		{84A92495-4F3E-4474-A007-04585B880AB5}.Release|Any CPU.Build.0 = Release|Any CPU
		{84107705-8F01-4F69-B26A-719575EFA02A}.Debug|Any CPU.ActiveCfg = Debug|Any CPU
		{84107705-8F01-4F69-B26A-719575EFA02A}.Debug|Any CPU.Build.0 = Debug|Any CPU
		{84107705-8F01-4F69-B26A-719575EFA02A}.Release|Any CPU.ActiveCfg = Release|Any CPU
		{84107705-8F01-4F69-B26A-719575EFA02A}.Release|Any CPU.Build.0 = Release|Any CPU
		{9EECD516-AEC2-4DFB-A115-6A109C12A8FA}.Debug|Any CPU.ActiveCfg = Debug|Any CPU
		{9EECD516-AEC2-4DFB-A115-6A109C12A8FA}.Debug|Any CPU.Build.0 = Debug|Any CPU
		{9EECD516-AEC2-4DFB-A115-6A109C12A8FA}.Release|Any CPU.ActiveCfg = Release|Any CPU
		{9EECD516-AEC2-4DFB-A115-6A109C12A8FA}.Release|Any CPU.Build.0 = Release|Any CPU
		{26A8FC05-872C-42E5-A030-E461255E8B9E}.Debug|Any CPU.ActiveCfg = Debug|Any CPU
		{26A8FC05-872C-42E5-A030-E461255E8B9E}.Debug|Any CPU.Build.0 = Debug|Any CPU
		{26A8FC05-872C-42E5-A030-E461255E8B9E}.Release|Any CPU.ActiveCfg = Release|Any CPU
		{26A8FC05-872C-42E5-A030-E461255E8B9E}.Release|Any CPU.Build.0 = Release|Any CPU
		{7EA2F8CC-5069-45BE-BA5F-4D0FC46EB185}.Debug|Any CPU.ActiveCfg = Debug|Any CPU
		{7EA2F8CC-5069-45BE-BA5F-4D0FC46EB185}.Debug|Any CPU.Build.0 = Debug|Any CPU
		{7EA2F8CC-5069-45BE-BA5F-4D0FC46EB185}.Release|Any CPU.ActiveCfg = Release|Any CPU
		{7EA2F8CC-5069-45BE-BA5F-4D0FC46EB185}.Release|Any CPU.Build.0 = Release|Any CPU
		{561A439F-1F16-4CBB-9759-A8CC3E6BA2F9}.Debug|Any CPU.ActiveCfg = Debug|Any CPU
		{561A439F-1F16-4CBB-9759-A8CC3E6BA2F9}.Debug|Any CPU.Build.0 = Debug|Any CPU
		{561A439F-1F16-4CBB-9759-A8CC3E6BA2F9}.Release|Any CPU.ActiveCfg = Release|Any CPU
		{561A439F-1F16-4CBB-9759-A8CC3E6BA2F9}.Release|Any CPU.Build.0 = Release|Any CPU
		{A9760777-4D60-46E0-8967-20BC4996FDAE}.Debug|Any CPU.ActiveCfg = Debug|Any CPU
		{A9760777-4D60-46E0-8967-20BC4996FDAE}.Debug|Any CPU.Build.0 = Debug|Any CPU
		{A9760777-4D60-46E0-8967-20BC4996FDAE}.Release|Any CPU.ActiveCfg = Release|Any CPU
		{A9760777-4D60-46E0-8967-20BC4996FDAE}.Release|Any CPU.Build.0 = Release|Any CPU
		{207DD312-327B-488C-8477-D1B5046F0E84}.Debug|Any CPU.ActiveCfg = Debug|Any CPU
		{207DD312-327B-488C-8477-D1B5046F0E84}.Debug|Any CPU.Build.0 = Debug|Any CPU
		{207DD312-327B-488C-8477-D1B5046F0E84}.Release|Any CPU.ActiveCfg = Release|Any CPU
		{207DD312-327B-488C-8477-D1B5046F0E84}.Release|Any CPU.Build.0 = Release|Any CPU
		{8BCC0131-BA18-401F-A2E1-A35F7D3EF38B}.Debug|Any CPU.ActiveCfg = Debug|Any CPU
		{8BCC0131-BA18-401F-A2E1-A35F7D3EF38B}.Debug|Any CPU.Build.0 = Debug|Any CPU
		{8BCC0131-BA18-401F-A2E1-A35F7D3EF38B}.Release|Any CPU.ActiveCfg = Release|Any CPU
		{8BCC0131-BA18-401F-A2E1-A35F7D3EF38B}.Release|Any CPU.Build.0 = Release|Any CPU
		{5FAD8631-485E-48A8-8D04-CBFB3B9C7BE0}.Debug|Any CPU.ActiveCfg = Debug|Any CPU
		{5FAD8631-485E-48A8-8D04-CBFB3B9C7BE0}.Debug|Any CPU.Build.0 = Debug|Any CPU
		{5FAD8631-485E-48A8-8D04-CBFB3B9C7BE0}.Release|Any CPU.ActiveCfg = Release|Any CPU
		{5FAD8631-485E-48A8-8D04-CBFB3B9C7BE0}.Release|Any CPU.Build.0 = Release|Any CPU
		{89614C77-9D19-4814-A32B-0FBA43870B1A}.Debug|Any CPU.ActiveCfg = Debug|Any CPU
		{89614C77-9D19-4814-A32B-0FBA43870B1A}.Debug|Any CPU.Build.0 = Debug|Any CPU
		{89614C77-9D19-4814-A32B-0FBA43870B1A}.Release|Any CPU.ActiveCfg = Release|Any CPU
		{89614C77-9D19-4814-A32B-0FBA43870B1A}.Release|Any CPU.Build.0 = Release|Any CPU
		{6629C80F-591B-471A-A108-440491CF3DDE}.Debug|Any CPU.ActiveCfg = Debug|Any CPU
		{6629C80F-591B-471A-A108-440491CF3DDE}.Debug|Any CPU.Build.0 = Debug|Any CPU
		{6629C80F-591B-471A-A108-440491CF3DDE}.Release|Any CPU.ActiveCfg = Release|Any CPU
		{6629C80F-591B-471A-A108-440491CF3DDE}.Release|Any CPU.Build.0 = Release|Any CPU
		{E1317643-AC76-47FC-93EB-3A6688A233B8}.Debug|Any CPU.ActiveCfg = Debug|Any CPU
		{E1317643-AC76-47FC-93EB-3A6688A233B8}.Debug|Any CPU.Build.0 = Debug|Any CPU
		{E1317643-AC76-47FC-93EB-3A6688A233B8}.Release|Any CPU.ActiveCfg = Release|Any CPU
		{E1317643-AC76-47FC-93EB-3A6688A233B8}.Release|Any CPU.Build.0 = Release|Any CPU
		{ED444C47-04D4-4B7F-8E3F-2F7058C473A8}.Debug|Any CPU.ActiveCfg = Debug|Any CPU
		{ED444C47-04D4-4B7F-8E3F-2F7058C473A8}.Debug|Any CPU.Build.0 = Debug|Any CPU
		{ED444C47-04D4-4B7F-8E3F-2F7058C473A8}.Release|Any CPU.ActiveCfg = Release|Any CPU
		{ED444C47-04D4-4B7F-8E3F-2F7058C473A8}.Release|Any CPU.Build.0 = Release|Any CPU
		{BD4CADC9-3BB2-4273-ACC3-DB0CD795A5B3}.Debug|Any CPU.ActiveCfg = Debug|Any CPU
		{BD4CADC9-3BB2-4273-ACC3-DB0CD795A5B3}.Debug|Any CPU.Build.0 = Debug|Any CPU
		{BD4CADC9-3BB2-4273-ACC3-DB0CD795A5B3}.Release|Any CPU.ActiveCfg = Release|Any CPU
		{BD4CADC9-3BB2-4273-ACC3-DB0CD795A5B3}.Release|Any CPU.Build.0 = Release|Any CPU
		{F4C5F764-6CF5-4956-9617-FA07BDF850DF}.Debug|Any CPU.ActiveCfg = Debug|Any CPU
		{F4C5F764-6CF5-4956-9617-FA07BDF850DF}.Debug|Any CPU.Build.0 = Debug|Any CPU
		{F4C5F764-6CF5-4956-9617-FA07BDF850DF}.Release|Any CPU.ActiveCfg = Release|Any CPU
		{F4C5F764-6CF5-4956-9617-FA07BDF850DF}.Release|Any CPU.Build.0 = Release|Any CPU
		{AB6CCBC4-8CC6-4D1F-AB14-2F8257D241CA}.Debug|Any CPU.ActiveCfg = Debug|Any CPU
		{AB6CCBC4-8CC6-4D1F-AB14-2F8257D241CA}.Debug|Any CPU.Build.0 = Debug|Any CPU
		{AB6CCBC4-8CC6-4D1F-AB14-2F8257D241CA}.Release|Any CPU.ActiveCfg = Release|Any CPU
		{AB6CCBC4-8CC6-4D1F-AB14-2F8257D241CA}.Release|Any CPU.Build.0 = Release|Any CPU
	EndGlobalSection
	GlobalSection(SolutionProperties) = preSolution
		HideSolutionNode = FALSE
	EndGlobalSection
	GlobalSection(NestedProjects) = preSolution
		{1539471F-4315-4F93-8FCC-290DE0134774} = {36D591C7-65C7-A0D1-1CBC-10CDE441BDC8}
		{3E24B76F-4177-4002-AC71-F40803BCE664} = {36D591C7-65C7-A0D1-1CBC-10CDE441BDC8}
		{0AC2D1D7-868F-4C3E-B8D9-3B34670E5EEA} = {36D591C7-65C7-A0D1-1CBC-10CDE441BDC8}
		{735D43F5-6D92-4975-83AA-49ED6201E799} = {78D1A33E-9C72-4102-A80B-B8B80399F1F1}
		{98BA1216-54AB-4E12-BF02-9BF112EE3F89} = {78D1A33E-9C72-4102-A80B-B8B80399F1F1}
		{B9BA012F-0377-4375-A30C-68D3CEA1797D} = {78D1A33E-9C72-4102-A80B-B8B80399F1F1}
		{84F1CCB6-804B-481C-841C-51607F0E8127} = {0F831FB7-4E90-426F-878C-5B0069E90557}
		{84A92495-4F3E-4474-A007-04585B880AB5} = {0F831FB7-4E90-426F-878C-5B0069E90557}
		{84107705-8F01-4F69-B26A-719575EFA02A} = {0F831FB7-4E90-426F-878C-5B0069E90557}
		{9EECD516-AEC2-4DFB-A115-6A109C12A8FA} = {BAAEB017-D121-47A3-98FB-12B494F63BB7}
		{26A8FC05-872C-42E5-A030-E461255E8B9E} = {BAAEB017-D121-47A3-98FB-12B494F63BB7}
		{7EA2F8CC-5069-45BE-BA5F-4D0FC46EB185} = {BAAEB017-D121-47A3-98FB-12B494F63BB7}
		{561A439F-1F16-4CBB-9759-A8CC3E6BA2F9} = {E14ED008-F475-4B2A-8F7B-6D847DC0CFFF}
		{A9760777-4D60-46E0-8967-20BC4996FDAE} = {E14ED008-F475-4B2A-8F7B-6D847DC0CFFF}
		{207DD312-327B-488C-8477-D1B5046F0E84} = {E14ED008-F475-4B2A-8F7B-6D847DC0CFFF}
		{8BCC0131-BA18-401F-A2E1-A35F7D3EF38B} = {A3DCD79E-F091-4410-8E1C-A08044786DD8}
		{5FAD8631-485E-48A8-8D04-CBFB3B9C7BE0} = {A3DCD79E-F091-4410-8E1C-A08044786DD8}
		{89614C77-9D19-4814-A32B-0FBA43870B1A} = {A3DCD79E-F091-4410-8E1C-A08044786DD8}
		{6629C80F-591B-471A-A108-440491CF3DDE} = {213AFEE5-6F51-4492-A40C-34F589EA6B88}
		{E1317643-AC76-47FC-93EB-3A6688A233B8} = {213AFEE5-6F51-4492-A40C-34F589EA6B88}
		{ED444C47-04D4-4B7F-8E3F-2F7058C473A8} = {213AFEE5-6F51-4492-A40C-34F589EA6B88}
		{BD4CADC9-3BB2-4273-ACC3-DB0CD795A5B3} = {FAD60ECB-5909-457E-B880-E5EBB22B34FF}
		{F4C5F764-6CF5-4956-9617-FA07BDF850DF} = {FAD60ECB-5909-457E-B880-E5EBB22B34FF}
		{AB6CCBC4-8CC6-4D1F-AB14-2F8257D241CA} = {FAD60ECB-5909-457E-B880-E5EBB22B34FF}
	EndGlobalSection
	GlobalSection(ExtensibilityGlobals) = postSolution
		SolutionGuid = {E3CCF712-AAF4-489F-AD01-F8698AE9DB65}
	EndGlobalSection
EndGlobal
